
Microsoft Visual Studio Solution File, Format Version 12.00
# Visual Studio 2013
VisualStudioVersion = 12.0.31101.0
MinimumVisualStudioVersion = 10.0.40219.1
Project("{FAE04EC0-301F-11D3-BF4B-00C04F79EFBC}") = "RepoExercise", "RepoExercise\RepoExercise.csproj", "{B0997DA4-EBA5-49EC-BD5E-3855BD60B484}"
EndProject
Project("{FAE04EC0-301F-11D3-BF4B-00C04F79EFBC}") = "TestLibrary", "TestLibrary\TestLibrary.csproj", "{898C8CF3-9F19-4CB4-9C6A-BD9954F68465}"
EndProject
Project("{FAE04EC0-301F-11D3-BF4B-00C04F79EFBC}") = "RepoTest", "RepoTest\RepoTest.csproj", "{2E3DF5C2-8A38-4A03-86D7-8D463C917E47}"
EndProject
Global
	GlobalSection(SolutionConfigurationPlatforms) = preSolution
		Debug|Any CPU = Debug|Any CPU
		Release|Any CPU = Release|Any CPU
	EndGlobalSection
	GlobalSection(ProjectConfigurationPlatforms) = postSolution
		{B0997DA4-EBA5-49EC-BD5E-3855BD60B484}.Debug|Any CPU.ActiveCfg = Debug|Any CPU
		{B0997DA4-EBA5-49EC-BD5E-3855BD60B484}.Debug|Any CPU.Build.0 = Debug|Any CPU
		{B0997DA4-EBA5-49EC-BD5E-3855BD60B484}.Release|Any CPU.ActiveCfg = Release|Any CPU
		{B0997DA4-EBA5-49EC-BD5E-3855BD60B484}.Release|Any CPU.Build.0 = Release|Any CPU
		{898C8CF3-9F19-4CB4-9C6A-BD9954F68465}.Debug|Any CPU.ActiveCfg = Debug|Any CPU
		{898C8CF3-9F19-4CB4-9C6A-BD9954F68465}.Debug|Any CPU.Build.0 = Debug|Any CPU
		{898C8CF3-9F19-4CB4-9C6A-BD9954F68465}.Release|Any CPU.ActiveCfg = Release|Any CPU
		{898C8CF3-9F19-4CB4-9C6A-BD9954F68465}.Release|Any CPU.Build.0 = Release|Any CPU
		{2E3DF5C2-8A38-4A03-86D7-8D463C917E47}.Debug|Any CPU.ActiveCfg = Debug|Any CPU
		{2E3DF5C2-8A38-4A03-86D7-8D463C917E47}.Debug|Any CPU.Build.0 = Debug|Any CPU
		{2E3DF5C2-8A38-4A03-86D7-8D463C917E47}.Release|Any CPU.ActiveCfg = Release|Any CPU
		{2E3DF5C2-8A38-4A03-86D7-8D463C917E47}.Release|Any CPU.Build.0 = Release|Any CPU
	EndGlobalSection
	GlobalSection(SolutionProperties) = preSolution
		HideSolutionNode = FALSE
	EndGlobalSection
EndGlobal
